// !$*UTF8*$!
{
	archiveVersion = 1;
	classes = {
	};
	objectVersion = 55;
	objects = {

/* Begin PBXBuildFile section */
		3F2095A4285B4821004F0897 /* AppDelegate.m in Sources */ = {isa = PBXBuildFile; fileRef = 3F2095A3285B4821004F0897 /* AppDelegate.m */; };
		3F2095A7285B4821004F0897 /* SceneDelegate.m in Sources */ = {isa = PBXBuildFile; fileRef = 3F2095A6285B4821004F0897 /* SceneDelegate.m */; };
		3F2095AA285B4821004F0897 /* ViewController.m in Sources */ = {isa = PBXBuildFile; fileRef = 3F2095A9285B4821004F0897 /* ViewController.m */; };
		3F2095AD285B4821004F0897 /* Main.storyboard in Resources */ = {isa = PBXBuildFile; fileRef = 3F2095AB285B4821004F0897 /* Main.storyboard */; };
		3F2095AF285B4823004F0897 /* Assets.xcassets in Resources */ = {isa = PBXBuildFile; fileRef = 3F2095AE285B4823004F0897 /* Assets.xcassets */; };
		3F2095B2285B4823004F0897 /* LaunchScreen.storyboard in Resources */ = {isa = PBXBuildFile; fileRef = 3F2095B0285B4823004F0897 /* LaunchScreen.storyboard */; };
		3F2095B5285B4823004F0897 /* main.m in Sources */ = {isa = PBXBuildFile; fileRef = 3F2095B4285B4823004F0897 /* main.m */; };
		F7DF2B5DA2CBCE4B07396703 /* libPods-LMProject.a in Frameworks */ = {isa = PBXBuildFile; fileRef = 217ECDE903AE606F91A7099E /* libPods-LMProject.a */; };
/* End PBXBuildFile section */

/* Begin PBXFileReference section */
		217ECDE903AE606F91A7099E /* libPods-LMProject.a */ = {isa = PBXFileReference; explicitFileType = archive.ar; includeInIndex = 0; path = "libPods-LMProject.a"; sourceTree = BUILT_PRODUCTS_DIR; };
		2EB2EEBE087695D898E477CC /* Pods-LMProject.debug.xcconfig */ = {isa = PBXFileReference; includeInIndex = 1; lastKnownFileType = text.xcconfig; name = "Pods-LMProject.debug.xcconfig"; path = "Target Support Files/Pods-LMProject/Pods-LMProject.debug.xcconfig"; sourceTree = "<group>"; };
		3F20959F285B4821004F0897 /* LMProject.app */ = {isa = PBXFileReference; explicitFileType = wrapper.application; includeInIndex = 0; path = LMProject.app; sourceTree = BUILT_PRODUCTS_DIR; };
		3F2095A2285B4821004F0897 /* AppDelegate.h */ = {isa = PBXFileReference; lastKnownFileType = sourcecode.c.h; path = AppDelegate.h; sourceTree = "<group>"; };
		3F2095A3285B4821004F0897 /* AppDelegate.m */ = {isa = PBXFileReference; lastKnownFileType = sourcecode.c.objc; path = AppDelegate.m; sourceTree = "<group>"; };
		3F2095A5285B4821004F0897 /* SceneDelegate.h */ = {isa = PBXFileReference; lastKnownFileType = sourcecode.c.h; path = SceneDelegate.h; sourceTree = "<group>"; };
		3F2095A6285B4821004F0897 /* SceneDelegate.m */ = {isa = PBXFileReference; lastKnownFileType = sourcecode.c.objc; path = SceneDelegate.m; sourceTree = "<group>"; };
		3F2095A8285B4821004F0897 /* ViewController.h */ = {isa = PBXFileReference; lastKnownFileType = sourcecode.c.h; path = ViewController.h; sourceTree = "<group>"; };
		3F2095A9285B4821004F0897 /* ViewController.m */ = {isa = PBXFileReference; lastKnownFileType = sourcecode.c.objc; path = ViewController.m; sourceTree = "<group>"; };
		3F2095AC285B4821004F0897 /* Base */ = {isa = PBXFileReference; lastKnownFileType = file.storyboard; name = Base; path = Base.lproj/Main.storyboard; sourceTree = "<group>"; };
		3F2095AE285B4823004F0897 /* Assets.xcassets */ = {isa = PBXFileReference; lastKnownFileType = folder.assetcatalog; path = Assets.xcassets; sourceTree = "<group>"; };
		3F2095B1285B4823004F0897 /* Base */ = {isa = PBXFileReference; lastKnownFileType = file.storyboard; name = Base; path = Base.lproj/LaunchScreen.storyboard; sourceTree = "<group>"; };
		3F2095B3285B4823004F0897 /* Info.plist */ = {isa = PBXFileReference; lastKnownFileType = text.plist.xml; path = Info.plist; sourceTree = "<group>"; };
		3F2095B4285B4823004F0897 /* main.m */ = {isa = PBXFileReference; lastKnownFileType = sourcecode.c.objc; path = main.m; sourceTree = "<group>"; };
		BA1F62E414AEE7A5E958367C /* Pods-LMProject.release.xcconfig */ = {isa = PBXFileReference; includeInIndex = 1; lastKnownFileType = text.xcconfig; name = "Pods-LMProject.release.xcconfig"; path = "Target Support Files/Pods-LMProject/Pods-LMProject.release.xcconfig"; sourceTree = "<group>"; };
/* End PBXFileReference section */

/* Begin PBXFrameworksBuildPhase section */
		3F20959C285B4821004F0897 /* Frameworks */ = {
			isa = PBXFrameworksBuildPhase;
			buildActionMask = 2147483647;
			files = (
				F7DF2B5DA2CBCE4B07396703 /* libPods-LMProject.a in Frameworks */,
			);
			runOnlyForDeploymentPostprocessing = 0;
		};
/* End PBXFrameworksBuildPhase section */

/* Begin PBXGroup section */
		3F209596285B4821004F0897 = {
			isa = PBXGroup;
			children = (
				3F2095A1285B4821004F0897 /* LMProject */,
				3F2095A0285B4821004F0897 /* Products */,
				8CF5CF30E0DE8CCCD2541D6F /* Pods */,
				AD9069E9B5EC425C96132492 /* Frameworks */,
			);
			sourceTree = "<group>";
		};
		3F2095A0285B4821004F0897 /* Products */ = {
			isa = PBXGroup;
			children = (
				3F20959F285B4821004F0897 /* LMProject.app */,
			);
			name = Products;
			sourceTree = "<group>";
		};
		3F2095A1285B4821004F0897 /* LMProject */ = {
			isa = PBXGroup;
			children = (
				3F2095A2285B4821004F0897 /* AppDelegate.h */,
				3F2095A3285B4821004F0897 /* AppDelegate.m */,
				3F2095A5285B4821004F0897 /* SceneDelegate.h */,
				3F2095A6285B4821004F0897 /* SceneDelegate.m */,
				3F2095A8285B4821004F0897 /* ViewController.h */,
				3F2095A9285B4821004F0897 /* ViewController.m */,
				3F2095AB285B4821004F0897 /* Main.storyboard */,
				3F2095AE285B4823004F0897 /* Assets.xcassets */,
				3F2095B0285B4823004F0897 /* LaunchScreen.storyboard */,
				3F2095B3285B4823004F0897 /* Info.plist */,
				3F2095B4285B4823004F0897 /* main.m */,
			);
			path = LMProject;
			sourceTree = "<group>";
		};
		8CF5CF30E0DE8CCCD2541D6F /* Pods */ = {
			isa = PBXGroup;
			children = (
				2EB2EEBE087695D898E477CC /* Pods-LMProject.debug.xcconfig */,
				BA1F62E414AEE7A5E958367C /* Pods-LMProject.release.xcconfig */,
			);
			name = Pods;
			path = Pods;
			sourceTree = "<group>";
		};
		AD9069E9B5EC425C96132492 /* Frameworks */ = {
			isa = PBXGroup;
			children = (
				217ECDE903AE606F91A7099E /* libPods-LMProject.a */,
			);
			name = Frameworks;
			sourceTree = "<group>";
		};
/* End PBXGroup section */

/* Begin PBXNativeTarget section */
		3F20959E285B4821004F0897 /* LMProject */ = {
			isa = PBXNativeTarget;
			buildConfigurationList = 3F2095B8285B4823004F0897 /* Build configuration list for PBXNativeTarget "LMProject" */;
			buildPhases = (
				EE39B423EF03B7439C3C1886 /* [CP] Check Pods Manifest.lock */,
				3F20959B285B4821004F0897 /* Sources */,
				3F20959C285B4821004F0897 /* Frameworks */,
				3F20959D285B4821004F0897 /* Resources */,
			);
			buildRules = (
			);
			dependencies = (
			);
			name = LMProject;
			productName = LMProject;
			productReference = 3F20959F285B4821004F0897 /* LMProject.app */;
			productType = "com.apple.product-type.application";
		};
/* End PBXNativeTarget section */

/* Begin PBXProject section */
		3F209597285B4821004F0897 /* Project object */ = {
			isa = PBXProject;
			attributes = {
				BuildIndependentTargetsInParallel = 1;
				LastUpgradeCheck = 1330;
				TargetAttributes = {
					3F20959E285B4821004F0897 = {
						CreatedOnToolsVersion = 13.3;
					};
				};
			};
			buildConfigurationList = 3F20959A285B4821004F0897 /* Build configuration list for PBXProject "LMProject" */;
			compatibilityVersion = "Xcode 13.0";
			developmentRegion = en;
			hasScannedForEncodings = 0;
			knownRegions = (
				en,
				Base,
			);
			mainGroup = 3F209596285B4821004F0897;
			productRefGroup = 3F2095A0285B4821004F0897 /* Products */;
			projectDirPath = "";
			projectRoot = "";
			targets = (
				3F20959E285B4821004F0897 /* LMProject */,
			);
		};
/* End PBXProject section */

/* Begin PBXResourcesBuildPhase section */
		3F20959D285B4821004F0897 /* Resources */ = {
			isa = PBXResourcesBuildPhase;
			buildActionMask = 2147483647;
			files = (
				3F2095B2285B4823004F0897 /* LaunchScreen.storyboard in Resources */,
				3F2095AF285B4823004F0897 /* Assets.xcassets in Resources */,
				3F2095AD285B4821004F0897 /* Main.storyboard in Resources */,
			);
			runOnlyForDeploymentPostprocessing = 0;
		};
/* End PBXResourcesBuildPhase section */

/* Begin PBXShellScriptBuildPhase section */
		EE39B423EF03B7439C3C1886 /* [CP] Check Pods Manifest.lock */ = {
			isa = PBXShellScriptBuildPhase;
			buildActionMask = 2147483647;
			files = (
			);
			inputFileListPaths = (
			);
			inputPaths = (
				"${PODS_PODFILE_DIR_PATH}/Podfile.lock",
				"${PODS_ROOT}/Manifest.lock",
			);
			name = "[CP] Check Pods Manifest.lock";
			outputFileListPaths = (
			);
			outputPaths = (
				"$(DERIVED_FILE_DIR)/Pods-LMProject-checkManifestLockResult.txt",
			);
			runOnlyForDeploymentPostprocessing = 0;
			shellPath = /bin/sh;
			shellScript = "diff \"${PODS_PODFILE_DIR_PATH}/Podfile.lock\" \"${PODS_ROOT}/Manifest.lock\" > /dev/null\nif [ $? != 0 ] ; then\n    # print error to STDERR\n    echo \"error: The sandbox is not in sync with the Podfile.lock. Run 'pod install' or update your CocoaPods installation.\" >&2\n    exit 1\nfi\n# This output is used by Xcode 'outputs' to avoid re-running this script phase.\necho \"SUCCESS\" > \"${SCRIPT_OUTPUT_FILE_0}\"\n";
			showEnvVarsInLog = 0;
		};
/* End PBXShellScriptBuildPhase section */

/* Begin PBXSourcesBuildPhase section */
		3F20959B285B4821004F0897 /* Sources */ = {
			isa = PBXSourcesBuildPhase;
			buildActionMask = 2147483647;
			files = (
				3F2095AA285B4821004F0897 /* ViewController.m in Sources */,
				3F2095A4285B4821004F0897 /* AppDelegate.m in Sources */,
				3F2095B5285B4823004F0897 /* main.m in Sources */,
				3F2095A7285B4821004F0897 /* SceneDelegate.m in Sources */,
			);
			runOnlyForDeploymentPostprocessing = 0;
		};
/* End PBXSourcesBuildPhase section */

/* Begin PBXVariantGroup section */
		3F2095AB285B4821004F0897 /* Main.storyboard */ = {
			isa = PBXVariantGroup;
			children = (
				3F2095AC285B4821004F0897 /* Base */,
			);
			name = Main.storyboard;
			sourceTree = "<group>";
		};
		3F2095B0285B4823004F0897 /* LaunchScreen.storyboard */ = {
			isa = PBXVariantGroup;
			children = (
				3F2095B1285B4823004F0897 /* Base */,
			);
			name = LaunchScreen.storyboard;
			sourceTree = "<group>";
		};
/* End PBXVariantGroup section */

/* Begin XCBuildConfiguration section */
		3F2095B6285B4823004F0897 /* Debug */ = {
			isa = XCBuildConfiguration;
			buildSettings = {
				ALWAYS_SEARCH_USER_PATHS = NO;
				CLANG_ANALYZER_NONNULL = YES;
				CLANG_ANALYZER_NUMBER_OBJECT_CONVERSION = YES_AGGRESSIVE;
				CLANG_CXX_LANGUAGE_STANDARD = "gnu++17";
				CLANG_ENABLE_MODULES = YES;
				CLANG_ENABLE_OBJC_ARC = YES;
				CLANG_ENABLE_OBJC_WEAK = YES;
				CLANG_WARN_BLOCK_CAPTURE_AUTORELEASING = YES;
				CLANG_WARN_BOOL_CONVERSION = YES;
				CLANG_WARN_COMMA = YES;
				CLANG_WARN_CONSTANT_CONVERSION = YES;
				CLANG_WARN_DEPRECATED_OBJC_IMPLEMENTATIONS = YES;
				CLANG_WARN_DIRECT_OBJC_ISA_USAGE = YES_ERROR;
				CLANG_WARN_DOCUMENTATION_COMMENTS = YES;
				CLANG_WARN_EMPTY_BODY = YES;
				CLANG_WARN_ENUM_CONVERSION = YES;
				CLANG_WARN_INFINITE_RECURSION = YES;
				CLANG_WARN_INT_CONVERSION = YES;
				CLANG_WARN_NON_LITERAL_NULL_CONVERSION = YES;
				CLANG_WARN_OBJC_IMPLICIT_RETAIN_SELF = YES;
				CLANG_WARN_OBJC_LITERAL_CONVERSION = YES;
				CLANG_WARN_OBJC_ROOT_CLASS = YES_ERROR;
				CLANG_WARN_QUOTED_INCLUDE_IN_FRAMEWORK_HEADER = YES;
				CLANG_WARN_RANGE_LOOP_ANALYSIS = YES;
				CLANG_WARN_STRICT_PROTOTYPES = YES;
				CLANG_WARN_SUSPICIOUS_MOVE = YES;
				CLANG_WARN_UNGUARDED_AVAILABILITY = YES_AGGRESSIVE;
				CLANG_WARN_UNREACHABLE_CODE = YES;
				CLANG_WARN__DUPLICATE_METHOD_MATCH = YES;
				COPY_PHASE_STRIP = NO;
				DEBUG_INFORMATION_FORMAT = dwarf;
				ENABLE_STRICT_OBJC_MSGSEND = YES;
				ENABLE_TESTABILITY = YES;
				GCC_C_LANGUAGE_STANDARD = gnu11;
				GCC_DYNAMIC_NO_PIC = NO;
				GCC_NO_COMMON_BLOCKS = YES;
				GCC_OPTIMIZATION_LEVEL = 0;
				GCC_PREPROCESSOR_DEFINITIONS = (
					"DEBUG=1",
					"$(inherited)",
				);
				GCC_WARN_64_TO_32_BIT_CONVERSION = YES;
				GCC_WARN_ABOUT_RETURN_TYPE = YES_ERROR;
				GCC_WARN_UNDECLARED_SELECTOR = YES;
				GCC_WARN_UNINITIALIZED_AUTOS = YES_AGGRESSIVE;
				GCC_WARN_UNUSED_FUNCTION = YES;
				GCC_WARN_UNUSED_VARIABLE = YES;
				IPHONEOS_DEPLOYMENT_TARGET = 15.4;
				MTL_ENABLE_DEBUG_INFO = INCLUDE_SOURCE;
				MTL_FAST_MATH = YES;
				ONLY_ACTIVE_ARCH = YES;
				SDKROOT = iphoneos;
			};
			name = Debug;
		};
		3F2095B7285B4823004F0897 /* Release */ = {
			isa = XCBuildConfiguration;
			buildSettings = {
				ALWAYS_SEARCH_USER_PATHS = NO;
				CLANG_ANALYZER_NONNULL = YES;
				CLANG_ANALYZER_NUMBER_OBJECT_CONVERSION = YES_AGGRESSIVE;
				CLANG_CXX_LANGUAGE_STANDARD = "gnu++17";
				CLANG_ENABLE_MODULES = YES;
				CLANG_ENABLE_OBJC_ARC = YES;
				CLANG_ENABLE_OBJC_WEAK = YES;
				CLANG_WARN_BLOCK_CAPTURE_AUTORELEASING = YES;
				CLANG_WARN_BOOL_CONVERSION = YES;
				CLANG_WARN_COMMA = YES;
				CLANG_WARN_CONSTANT_CONVERSION = YES;
				CLANG_WARN_DEPRECATED_OBJC_IMPLEMENTATIONS = YES;
				CLANG_WARN_DIRECT_OBJC_ISA_USAGE = YES_ERROR;
				CLANG_WARN_DOCUMENTATION_COMMENTS = YES;
				CLANG_WARN_EMPTY_BODY = YES;
				CLANG_WARN_ENUM_CONVERSION = YES;
				CLANG_WARN_INFINITE_RECURSION = YES;
				CLANG_WARN_INT_CONVERSION = YES;
				CLANG_WARN_NON_LITERAL_NULL_CONVERSION = YES;
				CLANG_WARN_OBJC_IMPLICIT_RETAIN_SELF = YES;
				CLANG_WARN_OBJC_LITERAL_CONVERSION = YES;
				CLANG_WARN_OBJC_ROOT_CLASS = YES_ERROR;
				CLANG_WARN_QUOTED_INCLUDE_IN_FRAMEWORK_HEADER = YES;
				CLANG_WARN_RANGE_LOOP_ANALYSIS = YES;
				CLANG_WARN_STRICT_PROTOTYPES = YES;
				CLANG_WARN_SUSPICIOUS_MOVE = YES;
				CLANG_WARN_UNGUARDED_AVAILABILITY = YES_AGGRESSIVE;
				CLANG_WARN_UNREACHABLE_CODE = YES;
				CLANG_WARN__DUPLICATE_METHOD_MATCH = YES;
				COPY_PHASE_STRIP = NO;
				DEBUG_INFORMATION_FORMAT = "dwarf-with-dsym";
				ENABLE_NS_ASSERTIONS = NO;
				ENABLE_STRICT_OBJC_MSGSEND = YES;
				GCC_C_LANGUAGE_STANDARD = gnu11;
				GCC_NO_COMMON_BLOCKS = YES;
				GCC_WARN_64_TO_32_BIT_CONVERSION = YES;
				GCC_WARN_ABOUT_RETURN_TYPE = YES_ERROR;
				GCC_WARN_UNDECLARED_SELECTOR = YES;
				GCC_WARN_UNINITIALIZED_AUTOS = YES_AGGRESSIVE;
				GCC_WARN_UNUSED_FUNCTION = YES;
				GCC_WARN_UNUSED_VARIABLE = YES;
				IPHONEOS_DEPLOYMENT_TARGET = 15.4;
				MTL_ENABLE_DEBUG_INFO = NO;
				MTL_FAST_MATH = YES;
				SDKROOT = iphoneos;
				VALIDATE_PRODUCT = YES;
			};
			name = Release;
		};
		3F2095B9285B4823004F0897 /* Debug */ = {
			isa = XCBuildConfiguration;
			baseConfigurationReference = 2EB2EEBE087695D898E477CC /* Pods-LMProject.debug.xcconfig */;
			buildSettings = {
				ASSETCATALOG_COMPILER_APPICON_NAME = AppIcon;
				ASSETCATALOG_COMPILER_GLOBAL_ACCENT_COLOR_NAME = AccentColor;
				CODE_SIGN_STYLE = Automatic;
				CURRENT_PROJECT_VERSION = 1;
				DEVELOPMENT_TEAM = S52M67C9M5;
				GENERATE_INFOPLIST_FILE = YES;
				INFOPLIST_FILE = LMProject/Info.plist;
				INFOPLIST_KEY_UIApplicationSupportsIndirectInputEvents = YES;
				INFOPLIST_KEY_UILaunchStoryboardName = LaunchScreen;
				INFOPLIST_KEY_UIMainStoryboardFile = Main;
				INFOPLIST_KEY_UISupportedInterfaceOrientations_iPad = "UIInterfaceOrientationPortrait UIInterfaceOrientationPortraitUpsideDown UIInterfaceOrientationLandscapeLeft UIInterfaceOrientationLandscapeRight";
				INFOPLIST_KEY_UISupportedInterfaceOrientations_iPhone = "UIInterfaceOrientationPortrait UIInterfaceOrientationLandscapeLeft UIInterfaceOrientationLandscapeRight";
				LD_RUNPATH_SEARCH_PATHS = (
					"$(inherited)",
					"@executable_path/Frameworks",
				);
				MARKETING_VERSION = 1.0;
				PRODUCT_BUNDLE_IDENTIFIER = LM.LMProject;
				PRODUCT_NAME = "$(TARGET_NAME)";
				SWIFT_EMIT_LOC_STRINGS = YES;
				TARGETED_DEVICE_FAMILY = "1,2";
			};
			name = Debug;
		};
		3F2095BA285B4823004F0897 /* Release */ = {
			isa = XCBuildConfiguration;
			baseConfigurationReference = BA1F62E414AEE7A5E958367C /* Pods-LMProject.release.xcconfig */;
			buildSettings = {
				ASSETCATALOG_COMPILER_APPICON_NAME = AppIcon;
				ASSETCATALOG_COMPILER_GLOBAL_ACCENT_COLOR_NAME = AccentColor;
				CODE_SIGN_STYLE = Automatic;
				CURRENT_PROJECT_VERSION = 1;
				DEVELOPMENT_TEAM = S52M67C9M5;
				GENERATE_INFOPLIST_FILE = YES;
				INFOPLIST_FILE = LMProject/Info.plist;
				INFOPLIST_KEY_UIApplicationSupportsIndirectInputEvents = YES;
				INFOPLIST_KEY_UILaunchStoryboardName = LaunchScreen;
				INFOPLIST_KEY_UIMainStoryboardFile = Main;
				INFOPLIST_KEY_UISupportedInterfaceOrientations_iPad = "UIInterfaceOrientationPortrait UIInterfaceOrientationPortraitUpsideDown UIInterfaceOrientationLandscapeLeft UIInterfaceOrientationLandscapeRight";
				INFOPLIST_KEY_UISupportedInterfaceOrientations_iPhone = "UIInterfaceOrientationPortrait UIInterfaceOrientationLandscapeLeft UIInterfaceOrientationLandscapeRight";
				LD_RUNPATH_SEARCH_PATHS = (
					"$(inherited)",
					"@executable_path/Frameworks",
				);
				MARKETING_VERSION = 1.0;
				PRODUCT_BUNDLE_IDENTIFIER = LM.LMProject;
				PRODUCT_NAME = "$(TARGET_NAME)";
				SWIFT_EMIT_LOC_STRINGS = YES;
				TARGETED_DEVICE_FAMILY = "1,2";
			};
			name = Release;
		};
/* End XCBuildConfiguration section */

/* Begin XCConfigurationList section */
		3F20959A285B4821004F0897 /* Build configuration list for PBXProject "LMProject" */ = {
			isa = XCConfigurationList;
			buildConfigurations = (
				3F2095B6285B4823004F0897 /* Debug */,
				3F2095B7285B4823004F0897 /* Release */,
			);
			defaultConfigurationIsVisible = 0;
			defaultConfigurationName = Release;
		};
		3F2095B8285B4823004F0897 /* Build configuration list for PBXNativeTarget "LMProject" */ = {
			isa = XCConfigurationList;
			buildConfigurations = (
				3F2095B9285B4823004F0897 /* Debug */,
				3F2095BA285B4823004F0897 /* Release */,
			);
			defaultConfigurationIsVisible = 0;
			defaultConfigurationName = Release;
		};
/* End XCConfigurationList section */
	};
	rootObject = 3F209597285B4821004F0897 /* Project object */;
}
